
Microsoft Visual Studio Solution File, Format Version 12.00
# Visual Studio 15
VisualStudioVersion = 15.0.28010.2019
MinimumVisualStudioVersion = 10.0.40219.1
Project("{FAE04EC0-301F-11D3-BF4B-00C04F79EFBC}") = "OrderManagementWebUI", "OrderManagementWebUI\OrderManagementWebUI.csproj", "{6607098B-A846-438F-B8A4-5661E125B9B2}"
EndProject
Global
	GlobalSection(SolutionConfigurationPlatforms) = preSolution
		Debug|Any CPU = Debug|Any CPU
		Release|Any CPU = Release|Any CPU
	EndGlobalSection
	GlobalSection(ProjectConfigurationPlatforms) = postSolution
		{6607098B-A846-438F-B8A4-5661E125B9B2}.Debug|Any CPU.ActiveCfg = Debug|Any CPU
		{6607098B-A846-438F-B8A4-5661E125B9B2}.Debug|Any CPU.Build.0 = Debug|Any CPU
		{6607098B-A846-438F-B8A4-5661E125B9B2}.Release|Any CPU.ActiveCfg = Release|Any CPU
		{6607098B-A846-438F-B8A4-5661E125B9B2}.Release|Any CPU.Build.0 = Release|Any CPU
	EndGlobalSection
	GlobalSection(SolutionProperties) = preSolution
		HideSolutionNode = FALSE
	EndGlobalSection
	GlobalSection(ExtensibilityGlobals) = postSolution
		SolutionGuid = {DDBDB76C-AF8E-43DA-8584-824ACAAA21C2}
	EndGlobalSection
EndGlobal
